
Microsoft Visual Studio Solution File, Format Version 12.00
# Visual Studio Version 17
VisualStudioVersion = 17.2.32526.322
MinimumVisualStudioVersion = 10.0.40219.1
Project("{FAE04EC0-301F-11D3-BF4B-00C04F79EFBC}") = "Operaciones", "Operaciones\Operaciones.csproj", "{F64E783D-D0E3-4FE5-8FA5-329AE19A66C6}"
EndProject
Project("{FAE04EC0-301F-11D3-BF4B-00C04F79EFBC}") = "Arrays", "Arrays\Arrays.csproj", "{65E75A02-FA0E-4E5F-ADC2-9932A2A58F8A}"
EndProject
Project("{FAE04EC0-301F-11D3-BF4B-00C04F79EFBC}") = "Listas", "Listas\Listas.csproj", "{5D9B4A8E-7CB5-47DD-8CA2-5BB9441C9B26}"
EndProject
Project("{FAE04EC0-301F-11D3-BF4B-00C04F79EFBC}") = "ARCHIVOS_EXTERNOS", "ARCHIVOS_EXTERNOS\ARCHIVOS_EXTERNOS.csproj", "{0DAD06E6-09C5-435D-9B1B-28DCCB99B0D0}"
EndProject
Global
	GlobalSection(SolutionConfigurationPlatforms) = preSolution
		Debug|Any CPU = Debug|Any CPU
		Release|Any CPU = Release|Any CPU
	EndGlobalSection
	GlobalSection(ProjectConfigurationPlatforms) = postSolution
		{F64E783D-D0E3-4FE5-8FA5-329AE19A66C6}.Debug|Any CPU.ActiveCfg = Debug|Any CPU
		{F64E783D-D0E3-4FE5-8FA5-329AE19A66C6}.Debug|Any CPU.Build.0 = Debug|Any CPU
		{F64E783D-D0E3-4FE5-8FA5-329AE19A66C6}.Release|Any CPU.ActiveCfg = Release|Any CPU
		{F64E783D-D0E3-4FE5-8FA5-329AE19A66C6}.Release|Any CPU.Build.0 = Release|Any CPU
		{65E75A02-FA0E-4E5F-ADC2-9932A2A58F8A}.Debug|Any CPU.ActiveCfg = Debug|Any CPU
		{65E75A02-FA0E-4E5F-ADC2-9932A2A58F8A}.Debug|Any CPU.Build.0 = Debug|Any CPU
		{65E75A02-FA0E-4E5F-ADC2-9932A2A58F8A}.Release|Any CPU.ActiveCfg = Release|Any CPU
		{65E75A02-FA0E-4E5F-ADC2-9932A2A58F8A}.Release|Any CPU.Build.0 = Release|Any CPU
		{5D9B4A8E-7CB5-47DD-8CA2-5BB9441C9B26}.Debug|Any CPU.ActiveCfg = Debug|Any CPU
		{5D9B4A8E-7CB5-47DD-8CA2-5BB9441C9B26}.Debug|Any CPU.Build.0 = Debug|Any CPU
		{5D9B4A8E-7CB5-47DD-8CA2-5BB9441C9B26}.Release|Any CPU.ActiveCfg = Release|Any CPU
		{5D9B4A8E-7CB5-47DD-8CA2-5BB9441C9B26}.Release|Any CPU.Build.0 = Release|Any CPU
		{0DAD06E6-09C5-435D-9B1B-28DCCB99B0D0}.Debug|Any CPU.ActiveCfg = Debug|Any CPU
		{0DAD06E6-09C5-435D-9B1B-28DCCB99B0D0}.Debug|Any CPU.Build.0 = Debug|Any CPU
		{0DAD06E6-09C5-435D-9B1B-28DCCB99B0D0}.Release|Any CPU.ActiveCfg = Release|Any CPU
		{0DAD06E6-09C5-435D-9B1B-28DCCB99B0D0}.Release|Any CPU.Build.0 = Release|Any CPU
	EndGlobalSection
	GlobalSection(SolutionProperties) = preSolution
		HideSolutionNode = FALSE
	EndGlobalSection
	GlobalSection(ExtensibilityGlobals) = postSolution
		SolutionGuid = {807415D3-61D7-4D80-A2AB-BA156A4337AA}
	EndGlobalSection
EndGlobal
